// !$*UTF8*$!
{
	archiveVersion = 1;
	classes = {
	};
	objectVersion = 46;
	objects = {

/* Begin PBXBuildFile section */
		1F57F8DE1EF28EF20013B5CE /* main.m in Sources */ = {isa = PBXBuildFile; fileRef = 1F57F8DD1EF28EF20013B5CE /* main.m */; };
		1F57F8E11EF28EF20013B5CE /* AppDelegate.m in Sources */ = {isa = PBXBuildFile; fileRef = 1F57F8E01EF28EF20013B5CE /* AppDelegate.m */; };
		1F57F8E41EF28EF20013B5CE /* ViewController.m in Sources */ = {isa = PBXBuildFile; fileRef = 1F57F8E31EF28EF20013B5CE /* ViewController.m */; };
		1F57F8E71EF28EF20013B5CE /* Main.storyboard in Resources */ = {isa = PBXBuildFile; fileRef = 1F57F8E51EF28EF20013B5CE /* Main.storyboard */; };
		1F57F8E91EF28EF20013B5CE /* Assets.xcassets in Resources */ = {isa = PBXBuildFile; fileRef = 1F57F8E81EF28EF20013B5CE /* Assets.xcassets */; };
		1F57F8EC1EF28EF20013B5CE /* LaunchScreen.storyboard in Resources */ = {isa = PBXBuildFile; fileRef = 1F57F8EA1EF28EF20013B5CE /* LaunchScreen.storyboard */; };
		1F57F8F71EF28EF20013B5CE /* JsCallOcDemoTests.m in Sources */ = {isa = PBXBuildFile; fileRef = 1F57F8F61EF28EF20013B5CE /* JsCallOcDemoTests.m */; };
		1F57F9021EF28EF20013B5CE /* JsCallOcDemoUITests.m in Sources */ = {isa = PBXBuildFile; fileRef = 1F57F9011EF28EF20013B5CE /* JsCallOcDemoUITests.m */; };
		1FC0F7231EF7ADD3000ACE96 /* Foundation+Log.m in Sources */ = {isa = PBXBuildFile; fileRef = 1FC0F7221EF7ADD3000ACE96 /* Foundation+Log.m */; };
		1FC3EAE01EF3C693004E412A /* Test.html in Resources */ = {isa = PBXBuildFile; fileRef = 1FC3EADF1EF3C693004E412A /* Test.html */; };
/* End PBXBuildFile section */

/* Begin PBXContainerItemProxy section */
		1F57F8F31EF28EF20013B5CE /* PBXContainerItemProxy */ = {
			isa = PBXContainerItemProxy;
			containerPortal = 1F57F8D11EF28EF20013B5CE /* Project object */;
			proxyType = 1;
			remoteGlobalIDString = 1F57F8D81EF28EF20013B5CE;
			remoteInfo = JsCallOcDemo;
		};
		1F57F8FE1EF28EF20013B5CE /* PBXContainerItemProxy */ = {
			isa = PBXContainerItemProxy;
			containerPortal = 1F57F8D11EF28EF20013B5CE /* Project object */;
			proxyType = 1;
			remoteGlobalIDString = 1F57F8D81EF28EF20013B5CE;
			remoteInfo = JsCallOcDemo;
		};
/* End PBXContainerItemProxy section */

/* Begin PBXFileReference section */
		1F57F8D91EF28EF20013B5CE /* JsCallOcDemo.app */ = {isa = PBXFileReference; explicitFileType = wrapper.application; includeInIndex = 0; path = JsCallOcDemo.app; sourceTree = BUILT_PRODUCTS_DIR; };
		1F57F8DD1EF28EF20013B5CE /* main.m */ = {isa = PBXFileReference; lastKnownFileType = sourcecode.c.objc; path = main.m; sourceTree = "<group>"; };
		1F57F8DF1EF28EF20013B5CE /* AppDelegate.h */ = {isa = PBXFileReference; lastKnownFileType = sourcecode.c.h; path = AppDelegate.h; sourceTree = "<group>"; };
		1F57F8E01EF28EF20013B5CE /* AppDelegate.m */ = {isa = PBXFileReference; lastKnownFileType = sourcecode.c.objc; path = AppDelegate.m; sourceTree = "<group>"; };
		1F57F8E21EF28EF20013B5CE /* ViewController.h */ = {isa = PBXFileReference; lastKnownFileType = sourcecode.c.h; path = ViewController.h; sourceTree = "<group>"; };
		1F57F8E31EF28EF20013B5CE /* ViewController.m */ = {isa = PBXFileReference; lastKnownFileType = sourcecode.c.objc; path = ViewController.m; sourceTree = "<group>"; };
		1F57F8E61EF28EF20013B5CE /* Base */ = {isa = PBXFileReference; lastKnownFileType = file.storyboard; name = Base; path = Base.lproj/Main.storyboard; sourceTree = "<group>"; };
		1F57F8E81EF28EF20013B5CE /* Assets.xcassets */ = {isa = PBXFileReference; lastKnownFileType = folder.assetcatalog; path = Assets.xcassets; sourceTree = "<group>"; };
		1F57F8EB1EF28EF20013B5CE /* Base */ = {isa = PBXFileReference; lastKnownFileType = file.storyboard; name = Base; path = Base.lproj/LaunchScreen.storyboard; sourceTree = "<group>"; };
		1F57F8ED1EF28EF20013B5CE /* Info.plist */ = {isa = PBXFileReference; lastKnownFileType = text.plist.xml; path = Info.plist; sourceTree = "<group>"; };
		1F57F8F21EF28EF20013B5CE /* JsCallOcDemoTests.xctest */ = {isa = PBXFileReference; explicitFileType = wrapper.cfbundle; includeInIndex = 0; path = JsCallOcDemoTests.xctest; sourceTree = BUILT_PRODUCTS_DIR; };
		1F57F8F61EF28EF20013B5CE /* JsCallOcDemoTests.m */ = {isa = PBXFileReference; lastKnownFileType = sourcecode.c.objc; path = JsCallOcDemoTests.m; sourceTree = "<group>"; };
		1F57F8F81EF28EF20013B5CE /* Info.plist */ = {isa = PBXFileReference; lastKnownFileType = text.plist.xml; path = Info.plist; sourceTree = "<group>"; };
		1F57F8FD1EF28EF20013B5CE /* JsCallOcDemoUITests.xctest */ = {isa = PBXFileReference; explicitFileType = wrapper.cfbundle; includeInIndex = 0; path = JsCallOcDemoUITests.xctest; sourceTree = BUILT_PRODUCTS_DIR; };
		1F57F9011EF28EF20013B5CE /* JsCallOcDemoUITests.m */ = {isa = PBXFileReference; lastKnownFileType = sourcecode.c.objc; path = JsCallOcDemoUITests.m; sourceTree = "<group>"; };
		1F57F9031EF28EF20013B5CE /* Info.plist */ = {isa = PBXFileReference; lastKnownFileType = text.plist.xml; path = Info.plist; sourceTree = "<group>"; };
		1FC0F7221EF7ADD3000ACE96 /* Foundation+Log.m */ = {isa = PBXFileReference; fileEncoding = 4; lastKnownFileType = sourcecode.c.objc; path = "Foundation+Log.m"; sourceTree = "<group>"; };
		1FC3EADF1EF3C693004E412A /* Test.html */ = {isa = PBXFileReference; fileEncoding = 4; lastKnownFileType = text.html; path = Test.html; sourceTree = "<group>"; };
/* End PBXFileReference section */

/* Begin PBXFrameworksBuildPhase section */
		1F57F8D61EF28EF20013B5CE /* Frameworks */ = {
			isa = PBXFrameworksBuildPhase;
			buildActionMask = 2147483647;
			files = (
			);
			runOnlyForDeploymentPostprocessing = 0;
		};
		1F57F8EF1EF28EF20013B5CE /* Frameworks */ = {
			isa = PBXFrameworksBuildPhase;
			buildActionMask = 2147483647;
			files = (
			);
			runOnlyForDeploymentPostprocessing = 0;
		};
		1F57F8FA1EF28EF20013B5CE /* Frameworks */ = {
			isa = PBXFrameworksBuildPhase;
			buildActionMask = 2147483647;
			files = (
			);
			runOnlyForDeploymentPostprocessing = 0;
		};
/* End PBXFrameworksBuildPhase section */

/* Begin PBXGroup section */
		1F57F8D01EF28EF20013B5CE = {
			isa = PBXGroup;
			children = (
				1F57F8DB1EF28EF20013B5CE /* JsCallOcDemo */,
				1F57F8F51EF28EF20013B5CE /* JsCallOcDemoTests */,
				1F57F9001EF28EF20013B5CE /* JsCallOcDemoUITests */,
				1F57F8DA1EF28EF20013B5CE /* Products */,
			);
			sourceTree = "<group>";
		};
		1F57F8DA1EF28EF20013B5CE /* Products */ = {
			isa = PBXGroup;
			children = (
				1F57F8D91EF28EF20013B5CE /* JsCallOcDemo.app */,
				1F57F8F21EF28EF20013B5CE /* JsCallOcDemoTests.xctest */,
				1F57F8FD1EF28EF20013B5CE /* JsCallOcDemoUITests.xctest */,
			);
			name = Products;
			sourceTree = "<group>";
		};
		1F57F8DB1EF28EF20013B5CE /* JsCallOcDemo */ = {
			isa = PBXGroup;
			children = (
				1FC0F7221EF7ADD3000ACE96 /* Foundation+Log.m */,
				1F57F8DF1EF28EF20013B5CE /* AppDelegate.h */,
				1F57F8E01EF28EF20013B5CE /* AppDelegate.m */,
				1F57F8E21EF28EF20013B5CE /* ViewController.h */,
				1F57F8E31EF28EF20013B5CE /* ViewController.m */,
				1FC3EADF1EF3C693004E412A /* Test.html */,
				1F57F8E51EF28EF20013B5CE /* Main.storyboard */,
				1F57F8E81EF28EF20013B5CE /* Assets.xcassets */,
				1F57F8EA1EF28EF20013B5CE /* LaunchScreen.storyboard */,
				1F57F8ED1EF28EF20013B5CE /* Info.plist */,
				1F57F8DC1EF28EF20013B5CE /* Supporting Files */,
			);
			path = JsCallOcDemo;
			sourceTree = "<group>";
		};
		1F57F8DC1EF28EF20013B5CE /* Supporting Files */ = {
			isa = PBXGroup;
			children = (
				1F57F8DD1EF28EF20013B5CE /* main.m */,
			);
			name = "Supporting Files";
			sourceTree = "<group>";
		};
		1F57F8F51EF28EF20013B5CE /* JsCallOcDemoTests */ = {
			isa = PBXGroup;
			children = (
				1F57F8F61EF28EF20013B5CE /* JsCallOcDemoTests.m */,
				1F57F8F81EF28EF20013B5CE /* Info.plist */,
			);
			path = JsCallOcDemoTests;
			sourceTree = "<group>";
		};
		1F57F9001EF28EF20013B5CE /* JsCallOcDemoUITests */ = {
			isa = PBXGroup;
			children = (
				1F57F9011EF28EF20013B5CE /* JsCallOcDemoUITests.m */,
				1F57F9031EF28EF20013B5CE /* Info.plist */,
			);
			path = JsCallOcDemoUITests;
			sourceTree = "<group>";
		};
/* End PBXGroup section */

/* Begin PBXNativeTarget section */
		1F57F8D81EF28EF20013B5CE /* JsCallOcDemo */ = {
			isa = PBXNativeTarget;
			buildConfigurationList = 1F57F9061EF28EF20013B5CE /* Build configuration list for PBXNativeTarget "JsCallOcDemo" */;
			buildPhases = (
				1F57F8D51EF28EF20013B5CE /* Sources */,
				1F57F8D61EF28EF20013B5CE /* Frameworks */,
				1F57F8D71EF28EF20013B5CE /* Resources */,
			);
			buildRules = (
			);
			dependencies = (
			);
			name = JsCallOcDemo;
			productName = JsCallOcDemo;
			productReference = 1F57F8D91EF28EF20013B5CE /* JsCallOcDemo.app */;
			productType = "com.apple.product-type.application";
		};
		1F57F8F11EF28EF20013B5CE /* JsCallOcDemoTests */ = {
			isa = PBXNativeTarget;
			buildConfigurationList = 1F57F9091EF28EF20013B5CE /* Build configuration list for PBXNativeTarget "JsCallOcDemoTests" */;
			buildPhases = (
				1F57F8EE1EF28EF20013B5CE /* Sources */,
				1F57F8EF1EF28EF20013B5CE /* Frameworks */,
				1F57F8F01EF28EF20013B5CE /* Resources */,
			);
			buildRules = (
			);
			dependencies = (
				1F57F8F41EF28EF20013B5CE /* PBXTargetDependency */,
			);
			name = JsCallOcDemoTests;
			productName = JsCallOcDemoTests;
			productReference = 1F57F8F21EF28EF20013B5CE /* JsCallOcDemoTests.xctest */;
			productType = "com.apple.product-type.bundle.unit-test";
		};
		1F57F8FC1EF28EF20013B5CE /* JsCallOcDemoUITests */ = {
			isa = PBXNativeTarget;
			buildConfigurationList = 1F57F90C1EF28EF20013B5CE /* Build configuration list for PBXNativeTarget "JsCallOcDemoUITests" */;
			buildPhases = (
				1F57F8F91EF28EF20013B5CE /* Sources */,
				1F57F8FA1EF28EF20013B5CE /* Frameworks */,
				1F57F8FB1EF28EF20013B5CE /* Resources */,
			);
			buildRules = (
			);
			dependencies = (
				1F57F8FF1EF28EF20013B5CE /* PBXTargetDependency */,
			);
			name = JsCallOcDemoUITests;
			productName = JsCallOcDemoUITests;
			productReference = 1F57F8FD1EF28EF20013B5CE /* JsCallOcDemoUITests.xctest */;
			productType = "com.apple.product-type.bundle.ui-testing";
		};
/* End PBXNativeTarget section */

/* Begin PBXProject section */
		1F57F8D11EF28EF20013B5CE /* Project object */ = {
			isa = PBXProject;
			attributes = {
				LastUpgradeCheck = 0810;
				ORGANIZATIONNAME = QT;
				TargetAttributes = {
					1F57F8D81EF28EF20013B5CE = {
						CreatedOnToolsVersion = 8.1;
						DevelopmentTeam = F4KMVE3EDU;
						ProvisioningStyle = Automatic;
					};
					1F57F8F11EF28EF20013B5CE = {
						CreatedOnToolsVersion = 8.1;
						DevelopmentTeam = F4KMVE3EDU;
						ProvisioningStyle = Automatic;
						TestTargetID = 1F57F8D81EF28EF20013B5CE;
					};
					1F57F8FC1EF28EF20013B5CE = {
						CreatedOnToolsVersion = 8.1;
						ProvisioningStyle = Automatic;
						TestTargetID = 1F57F8D81EF28EF20013B5CE;
					};
				};
			};
			buildConfigurationList = 1F57F8D41EF28EF20013B5CE /* Build configuration list for PBXProject "JsCallOcDemo" */;
			compatibilityVersion = "Xcode 3.2";
			developmentRegion = English;
			hasScannedForEncodings = 0;
			knownRegions = (
				en,
				Base,
			);
			mainGroup = 1F57F8D01EF28EF20013B5CE;
			productRefGroup = 1F57F8DA1EF28EF20013B5CE /* Products */;
			projectDirPath = "";
			projectRoot = "";
			targets = (
				1F57F8D81EF28EF20013B5CE /* JsCallOcDemo */,
				1F57F8F11EF28EF20013B5CE /* JsCallOcDemoTests */,
				1F57F8FC1EF28EF20013B5CE /* JsCallOcDemoUITests */,
			);
		};
/* End PBXProject section */

/* Begin PBXResourcesBuildPhase section */
		1F57F8D71EF28EF20013B5CE /* Resources */ = {
			isa = PBXResourcesBuildPhase;
			buildActionMask = 2147483647;
			files = (
				1FC3EAE01EF3C693004E412A /* Test.html in Resources */,
				1F57F8EC1EF28EF20013B5CE /* LaunchScreen.storyboard in Resources */,
				1F57F8E91EF28EF20013B5CE /* Assets.xcassets in Resources */,
				1F57F8E71EF28EF20013B5CE /* Main.storyboard in Resources */,
			);
			runOnlyForDeploymentPostprocessing = 0;
		};
		1F57F8F01EF28EF20013B5CE /* Resources */ = {
			isa = PBXResourcesBuildPhase;
			buildActionMask = 2147483647;
			files = (
			);
			runOnlyForDeploymentPostprocessing = 0;
		};
		1F57F8FB1EF28EF20013B5CE /* Resources */ = {
			isa = PBXResourcesBuildPhase;
			buildActionMask = 2147483647;
			files = (
			);
			runOnlyForDeploymentPostprocessing = 0;
		};
/* End PBXResourcesBuildPhase section */

/* Begin PBXSourcesBuildPhase section */
		1F57F8D51EF28EF20013B5CE /* Sources */ = {
			isa = PBXSourcesBuildPhase;
			buildActionMask = 2147483647;
			files = (
				1F57F8E41EF28EF20013B5CE /* ViewController.m in Sources */,
				1F57F8E11EF28EF20013B5CE /* AppDelegate.m in Sources */,
				1F57F8DE1EF28EF20013B5CE /* main.m in Sources */,
				1FC0F7231EF7ADD3000ACE96 /* Foundation+Log.m in Sources */,
			);
			runOnlyForDeploymentPostprocessing = 0;
		};
		1F57F8EE1EF28EF20013B5CE /* Sources */ = {
			isa = PBXSourcesBuildPhase;
			buildActionMask = 2147483647;
			files = (
				1F57F8F71EF28EF20013B5CE /* JsCallOcDemoTests.m in Sources */,
			);
			runOnlyForDeploymentPostprocessing = 0;
		};
		1F57F8F91EF28EF20013B5CE /* Sources */ = {
			isa = PBXSourcesBuildPhase;
			buildActionMask = 2147483647;
			files = (
				1F57F9021EF28EF20013B5CE /* JsCallOcDemoUITests.m in Sources */,
			);
			runOnlyForDeploymentPostprocessing = 0;
		};
/* End PBXSourcesBuildPhase section */

/* Begin PBXTargetDependency section */
		1F57F8F41EF28EF20013B5CE /* PBXTargetDependency */ = {
			isa = PBXTargetDependency;
			target = 1F57F8D81EF28EF20013B5CE /* JsCallOcDemo */;
			targetProxy = 1F57F8F31EF28EF20013B5CE /* PBXContainerItemProxy */;
		};
		1F57F8FF1EF28EF20013B5CE /* PBXTargetDependency */ = {
			isa = PBXTargetDependency;
			target = 1F57F8D81EF28EF20013B5CE /* JsCallOcDemo */;
			targetProxy = 1F57F8FE1EF28EF20013B5CE /* PBXContainerItemProxy */;
		};
/* End PBXTargetDependency section */

/* Begin PBXVariantGroup section */
		1F57F8E51EF28EF20013B5CE /* Main.storyboard */ = {
			isa = PBXVariantGroup;
			children = (
				1F57F8E61EF28EF20013B5CE /* Base */,
			);
			name = Main.storyboard;
			sourceTree = "<group>";
		};
		1F57F8EA1EF28EF20013B5CE /* LaunchScreen.storyboard */ = {
			isa = PBXVariantGroup;
			children = (
				1F57F8EB1EF28EF20013B5CE /* Base */,
			);
			name = LaunchScreen.storyboard;
			sourceTree = "<group>";
		};
/* End PBXVariantGroup section */

/* Begin XCBuildConfiguration section */
		1F57F9041EF28EF20013B5CE /* Debug */ = {
			isa = XCBuildConfiguration;
			buildSettings = {
				ALWAYS_SEARCH_USER_PATHS = NO;
				CLANG_ANALYZER_NONNULL = YES;
				CLANG_CXX_LANGUAGE_STANDARD = "gnu++0x";
				CLANG_CXX_LIBRARY = "libc++";
				CLANG_ENABLE_MODULES = YES;
				CLANG_ENABLE_OBJC_ARC = YES;
				CLANG_WARN_BOOL_CONVERSION = YES;
				CLANG_WARN_CONSTANT_CONVERSION = YES;
				CLANG_WARN_DIRECT_OBJC_ISA_USAGE = YES_ERROR;
				CLANG_WARN_DOCUMENTATION_COMMENTS = YES;
				CLANG_WARN_EMPTY_BODY = YES;
				CLANG_WARN_ENUM_CONVERSION = YES;
				CLANG_WARN_INFINITE_RECURSION = YES;
				CLANG_WARN_INT_CONVERSION = YES;
				CLANG_WARN_OBJC_ROOT_CLASS = YES_ERROR;
				CLANG_WARN_SUSPICIOUS_MOVES = YES;
				CLANG_WARN_UNREACHABLE_CODE = YES;
				CLANG_WARN__DUPLICATE_METHOD_MATCH = YES;
				"CODE_SIGN_IDENTITY[sdk=iphoneos*]" = "iPhone Developer";
				COPY_PHASE_STRIP = NO;
				DEBUG_INFORMATION_FORMAT = dwarf;
				ENABLE_STRICT_OBJC_MSGSEND = YES;
				ENABLE_TESTABILITY = YES;
				GCC_C_LANGUAGE_STANDARD = gnu99;
				GCC_DYNAMIC_NO_PIC = NO;
				GCC_NO_COMMON_BLOCKS = YES;
				GCC_OPTIMIZATION_LEVEL = 0;
				GCC_PREPROCESSOR_DEFINITIONS = (
					"DEBUG=1",
					"$(inherited)",
				);
				GCC_WARN_64_TO_32_BIT_CONVERSION = YES;
				GCC_WARN_ABOUT_RETURN_TYPE = YES_ERROR;
				GCC_WARN_UNDECLARED_SELECTOR = YES;
				GCC_WARN_UNINITIALIZED_AUTOS = YES_AGGRESSIVE;
				GCC_WARN_UNUSED_FUNCTION = YES;
				GCC_WARN_UNUSED_VARIABLE = YES;
				IPHONEOS_DEPLOYMENT_TARGET = 10.1;
				MTL_ENABLE_DEBUG_INFO = YES;
				ONLY_ACTIVE_ARCH = YES;
				SDKROOT = iphoneos;
				TARGETED_DEVICE_FAMILY = "1,2";
			};
			name = Debug;
		};
		1F57F9051EF28EF20013B5CE /* Release */ = {
			isa = XCBuildConfiguration;
			buildSettings = {
				ALWAYS_SEARCH_USER_PATHS = NO;
				CLANG_ANALYZER_NONNULL = YES;
				CLANG_CXX_LANGUAGE_STANDARD = "gnu++0x";
				CLANG_CXX_LIBRARY = "libc++";
				CLANG_ENABLE_MODULES = YES;
				CLANG_ENABLE_OBJC_ARC = YES;
				CLANG_WARN_BOOL_CONVERSION = YES;
				CLANG_WARN_CONSTANT_CONVERSION = YES;
				CLANG_WARN_DIRECT_OBJC_ISA_USAGE = YES_ERROR;
				CLANG_WARN_DOCUMENTATION_COMMENTS = YES;
				CLANG_WARN_EMPTY_BODY = YES;
				CLANG_WARN_ENUM_CONVERSION = YES;
				CLANG_WARN_INFINITE_RECURSION = YES;
				CLANG_WARN_INT_CONVERSION = YES;
				CLANG_WARN_OBJC_ROOT_CLASS = YES_ERROR;
				CLANG_WARN_SUSPICIOUS_MOVES = YES;
				CLANG_WARN_UNREACHABLE_CODE = YES;
				CLANG_WARN__DUPLICATE_METHOD_MATCH = YES;
				"CODE_SIGN_IDENTITY[sdk=iphoneos*]" = "iPhone Developer";
				COPY_PHASE_STRIP = NO;
				DEBUG_INFORMATION_FORMAT = "dwarf-with-dsym";
				ENABLE_NS_ASSERTIONS = NO;
				ENABLE_STRICT_OBJC_MSGSEND = YES;
				GCC_C_LANGUAGE_STANDARD = gnu99;
				GCC_NO_COMMON_BLOCKS = YES;
				GCC_WARN_64_TO_32_BIT_CONVERSION = YES;
				GCC_WARN_ABOUT_RETURN_TYPE = YES_ERROR;
				GCC_WARN_UNDECLARED_SELECTOR = YES;
				GCC_WARN_UNINITIALIZED_AUTOS = YES_AGGRESSIVE;
				GCC_WARN_UNUSED_FUNCTION = YES;
				GCC_WARN_UNUSED_VARIABLE = YES;
				IPHONEOS_DEPLOYMENT_TARGET = 10.1;
				MTL_ENABLE_DEBUG_INFO = NO;
				SDKROOT = iphoneos;
				TARGETED_DEVICE_FAMILY = "1,2";
				VALIDATE_PRODUCT = YES;
			};
			name = Release;
		};
		1F57F9071EF28EF20013B5CE /* Debug */ = {
			isa = XCBuildConfiguration;
			buildSettings = {
				ASSETCATALOG_COMPILER_APPICON_NAME = AppIcon;
				DEVELOPMENT_TEAM = F4KMVE3EDU;
				INFOPLIST_FILE = JsCallOcDemo/Info.plist;
				LD_RUNPATH_SEARCH_PATHS = "$(inherited) @executable_path/Frameworks";
				PRODUCT_BUNDLE_IDENTIFIER = com.GJHL.QT.JsCallOcDemo;
				PRODUCT_NAME = "$(TARGET_NAME)";
			};
			name = Debug;
		};
		1F57F9081EF28EF20013B5CE /* Release */ = {
			isa = XCBuildConfiguration;
			buildSettings = {
				ASSETCATALOG_COMPILER_APPICON_NAME = AppIcon;
				DEVELOPMENT_TEAM = F4KMVE3EDU;
				INFOPLIST_FILE = JsCallOcDemo/Info.plist;
				LD_RUNPATH_SEARCH_PATHS = "$(inherited) @executable_path/Frameworks";
				PRODUCT_BUNDLE_IDENTIFIER = com.GJHL.QT.JsCallOcDemo;
				PRODUCT_NAME = "$(TARGET_NAME)";
			};
			name = Release;
		};
		1F57F90A1EF28EF20013B5CE /* Debug */ = {
			isa = XCBuildConfiguration;
			buildSettings = {
				BUNDLE_LOADER = "$(TEST_HOST)";
				DEVELOPMENT_TEAM = F4KMVE3EDU;
				INFOPLIST_FILE = JsCallOcDemoTests/Info.plist;
				LD_RUNPATH_SEARCH_PATHS = "$(inherited) @executable_path/Frameworks @loader_path/Frameworks";
				PRODUCT_BUNDLE_IDENTIFIER = com.GJHL.QT.JsCallOcDemoTests;
				PRODUCT_NAME = "$(TARGET_NAME)";
				TEST_HOST = "$(BUILT_PRODUCTS_DIR)/JsCallOcDemo.app/JsCallOcDemo";
			};
			name = Debug;
		};
		1F57F90B1EF28EF20013B5CE /* Release */ = {
			isa = XCBuildConfiguration;
			buildSettings = {
				BUNDLE_LOADER = "$(TEST_HOST)";
				DEVELOPMENT_TEAM = F4KMVE3EDU;
				INFOPLIST_FILE = JsCallOcDemoTests/Info.plist;
				LD_RUNPATH_SEARCH_PATHS = "$(inherited) @executable_path/Frameworks @loader_path/Frameworks";
				PRODUCT_BUNDLE_IDENTIFIER = com.GJHL.QT.JsCallOcDemoTests;
				PRODUCT_NAME = "$(TARGET_NAME)";
				TEST_HOST = "$(BUILT_PRODUCTS_DIR)/JsCallOcDemo.app/JsCallOcDemo";
			};
			name = Release;
		};
		1F57F90D1EF28EF20013B5CE /* Debug */ = {
			isa = XCBuildConfiguration;
			buildSettings = {
				INFOPLIST_FILE = JsCallOcDemoUITests/Info.plist;
				LD_RUNPATH_SEARCH_PATHS = "$(inherited) @executable_path/Frameworks @loader_path/Frameworks";
				PRODUCT_BUNDLE_IDENTIFIER = com.GJHL.QT.JsCallOcDemoUITests;
				PRODUCT_NAME = "$(TARGET_NAME)";
				TEST_TARGET_NAME = JsCallOcDemo;
			};
			name = Debug;
		};
		1F57F90E1EF28EF20013B5CE /* Release */ = {
			isa = XCBuildConfiguration;
			buildSettings = {
				INFOPLIST_FILE = JsCallOcDemoUITests/Info.plist;
				LD_RUNPATH_SEARCH_PATHS = "$(inherited) @executable_path/Frameworks @loader_path/Frameworks";
				PRODUCT_BUNDLE_IDENTIFIER = com.GJHL.QT.JsCallOcDemoUITests;
				PRODUCT_NAME = "$(TARGET_NAME)";
				TEST_TARGET_NAME = JsCallOcDemo;
			};
			name = Release;
		};
/* End XCBuildConfiguration section */

/* Begin XCConfigurationList section */
		1F57F8D41EF28EF20013B5CE /* Build configuration list for PBXProject "JsCallOcDemo" */ = {
			isa = XCConfigurationList;
			buildConfigurations = (
				1F57F9041EF28EF20013B5CE /* Debug */,
				1F57F9051EF28EF20013B5CE /* Release */,
			);
			defaultConfigurationIsVisible = 0;
			defaultConfigurationName = Release;
		};
		1F57F9061EF28EF20013B5CE /* Build configuration list for PBXNativeTarget "JsCallOcDemo" */ = {
			isa = XCConfigurationList;
			buildConfigurations = (
				1F57F9071EF28EF20013B5CE /* Debug */,
				1F57F9081EF28EF20013B5CE /* Release */,
			);
			defaultConfigurationIsVisible = 0;
			defaultConfigurationName = Release;
		};
		1F57F9091EF28EF20013B5CE /* Build configuration list for PBXNativeTarget "JsCallOcDemoTests" */ = {
			isa = XCConfigurationList;
			buildConfigurations = (
				1F57F90A1EF28EF20013B5CE /* Debug */,
				1F57F90B1EF28EF20013B5CE /* Release */,
			);
			defaultConfigurationIsVisible = 0;
			defaultConfigurationName = Release;
		};
		1F57F90C1EF28EF20013B5CE /* Build configuration list for PBXNativeTarget "JsCallOcDemoUITests" */ = {
			isa = XCConfigurationList;
			buildConfigurations = (
				1F57F90D1EF28EF20013B5CE /* Debug */,
				1F57F90E1EF28EF20013B5CE /* Release */,
			);
			defaultConfigurationIsVisible = 0;
			defaultConfigurationName = Release;
		};
/* End XCConfigurationList section */
	};
	rootObject = 1F57F8D11EF28EF20013B5CE /* Project object */;
}
